<?xml version="1.0" encoding="utf-8"?>
<Project ToolsVersion="4.0" xmlns="http://schemas.microsoft.com/developer/msbuild/2003">
  <ItemGroup>
    <ClCompile Include="main.cpp" />
  </ItemGroup>
  <ItemGroup>
    <Filter Include="assets">
      <UniqueIdentifier>{3f7116bc-317c-42ef-b283-abea4cb64ae7}</UniqueIdentifier>
    </Filter>
    <Filter Include="ECS">
      <UniqueIdentifier>{0081bcbc-d68f-4c84-9e58-34784d18b356}</UniqueIdentifier>
    </Filter>
    <Filter Include="CustomDebugComponent">
      <UniqueIdentifier>{5eb4a1cf-84a2-4145-b6d0-76c20aca3757}</UniqueIdentifier>
    </Filter>
  </ItemGroup>
  <ItemGroup>
    <Image Include="assets\spirikat.png">
      <Filter>assets</Filter>
    </Image>
  </ItemGroup>
  <ItemGroup>
    <ClInclude Include="includes.h" />
    <ClInclude Include="ECS\Component.h">
      <Filter>ECS</Filter>
    </ClInclude>
    <ClInclude Include="ECS\Entity.h">
      <Filter>ECS</Filter>
    </ClInclude>
    <ClInclude Include="ECS\NlohmanJson.hpp">
      <Filter>ECS</Filter>
    </ClInclude>
    <ClInclude Include="ECS\Utils.h">
      <Filter>ECS</Filter>
    </ClInclude>
    <ClInclude Include="CustomDebugComponent\DebugComponent.h">
      <Filter>CustomDebugComponent</Filter>
    </ClInclude>
    <ClInclude Include="CustomDebugComponent\DebugEntity.h">
      <Filter>CustomDebugComponent</Filter>
    </ClInclude>
  </ItemGroup>
</Project>