<?xml version="1.0" encoding="utf-8"?>
<Project ToolsVersion="4.0" xmlns="http://schemas.microsoft.com/developer/msbuild/2003">
  <ItemGroup>
    <Filter Include="assets">
      <UniqueIdentifier>{3f7116bc-317c-42ef-b283-abea4cb64ae7}</UniqueIdentifier>
    </Filter>
    <Filter Include="Game">
      <UniqueIdentifier>{10e903ba-2670-4808-9440-bc9787ab0163}</UniqueIdentifier>
    </Filter>
    <Filter Include="Game\Game">
      <UniqueIdentifier>{f8b0fe55-428f-4189-bc77-3619060c5879}</UniqueIdentifier>
    </Filter>
    <Filter Include="RayECS">
      <UniqueIdentifier>{2075f09c-b0e7-4397-908c-961bb01d6312}</UniqueIdentifier>
    </Filter>
    <Filter Include="RayECS\Window">
      <UniqueIdentifier>{bda861c0-3ad2-4cc5-8afc-965bec709324}</UniqueIdentifier>
    </Filter>
    <Filter Include="RayECS\ECS">
      <UniqueIdentifier>{3651dc65-3125-45b5-973d-7efbefc8b45d}</UniqueIdentifier>
    </Filter>
  </ItemGroup>
  <ItemGroup>
    <Image Include="assets\spirikat.png">
      <Filter>assets</Filter>
    </Image>
  </ItemGroup>
  <ItemGroup>
    <ClCompile Include="main.cpp" />
    <ClCompile Include="Game\Game\Game.cpp">
      <Filter>Game\Game</Filter>
    </ClCompile>
    <ClCompile Include="RayECS\Window\RaylibHandler.cpp">
      <Filter>RayECS\Window</Filter>
    </ClCompile>
  </ItemGroup>
  <ItemGroup>
    <ClInclude Include="Game\Game\Game.h">
      <Filter>Game\Game</Filter>
    </ClInclude>
    <ClInclude Include="Game\Game_includes.h">
      <Filter>Game</Filter>
    </ClInclude>
    <ClInclude Include="Game\Game\Utils.h">
      <Filter>Game\Game</Filter>
    </ClInclude>
    <ClInclude Include="RayECS\ECS\BaseObj.h">
      <Filter>RayECS\ECS</Filter>
    </ClInclude>
    <ClInclude Include="RayECS\ECS\Component.h">
      <Filter>RayECS\ECS</Filter>
    </ClInclude>
    <ClInclude Include="RayECS\ECS\ECS_includes.h">
      <Filter>RayECS\ECS</Filter>
    </ClInclude>
    <ClInclude Include="RayECS\ECS\Entity.h">
      <Filter>RayECS\ECS</Filter>
    </ClInclude>
    <ClInclude Include="RayECS\ECS\NlohmanJson.hpp">
      <Filter>RayECS\ECS</Filter>
    </ClInclude>
    <ClInclude Include="RayECS\ECS\Scene.h">
      <Filter>RayECS\ECS</Filter>
    </ClInclude>
    <ClInclude Include="RayECS\ECS\System.h">
      <Filter>RayECS\ECS</Filter>
    </ClInclude>
    <ClInclude Include="RayECS\ECS\Utils.h">
      <Filter>RayECS\ECS</Filter>
    </ClInclude>
    <ClInclude Include="RayECS\Window\RaylibHandler.h">
      <Filter>RayECS\Window</Filter>
    </ClInclude>
    <ClInclude Include="RayECS\includes.h">
      <Filter>RayECS</Filter>
    </ClInclude>
    <ClInclude Include="RayECS\Window\Utils.h">
      <Filter>RayECS\Window</Filter>
    </ClInclude>
    <ClInclude Include="RayECS\Window\RenderSystem.h">
      <Filter>RayECS\Window</Filter>
    </ClInclude>
    <ClInclude Include="RayECS\Window\Sprite.h">
      <Filter>RayECS\Window</Filter>
    </ClInclude>
  </ItemGroup>
</Project>